<?xml version="1.0" encoding="utf-8"?>
<Project ToolsVersion="4.0" xmlns="http://schemas.microsoft.com/developer/msbuild/2003">
  <ItemGroup>
    <Filter Include="Source Files">
      <UniqueIdentifier>{4FC737F1-C7A5-4376-A066-2A32D752A2FF}</UniqueIdentifier>
      <Extensions>cpp;c;cc;cxx;def;odl;idl;hpj;bat;asm;asmx</Extensions>
    </Filter>
    <Filter Include="Header Files">
      <UniqueIdentifier>{93995380-89BD-4b04-88EB-625FBE52EBFB}</UniqueIdentifier>
      <Extensions>h;hh;hpp;hxx;hm;inl;inc;ipp;xsd</Extensions>
    </Filter>
    <Filter Include="Resource Files">
      <UniqueIdentifier>{67DA6AB6-F800-4c08-8B7A-83BB121AAD01}</UniqueIdentifier>
      <Extensions>rc;ico;cur;bmp;dlg;rc2;rct;bin;rgs;gif;jpg;jpeg;jpe;resx;tiff;tif;png;wav;mfcribbon-ms</Extensions>
    </Filter>
  </ItemGroup>
  <ItemGroup>
    <ClCompile Include="VectorTest.cpp">
      <Filter>Source Files</Filter>
    </ClCompile>
    <ClCompile Include="CallbackTest.cpp">
      <Filter>Source Files</Filter>
    </ClCompile>
    <ClCompile Include="Main.cpp">
      <Filter>Source Files</Filter>
    </ClCompile>
    <ClCompile Include="SharedPointerTest.cpp">
      <Filter>Source Files</Filter>
    </ClCompile>
    <ClCompile Include="ObserverPatternTest.cpp">
      <Filter>Source Files</Filter>
    </ClCompile>
    <ClCompile Include="ObserverPatternImprovedTest.cpp">
      <Filter>Source Files</Filter>
    </ClCompile>
    <ClCompile Include="TemplateTest.cpp">
      <Filter>Source Files</Filter>
    </ClCompile>
    <ClCompile Include="StringTest.cpp">
      <Filter>Source Files</Filter>
    </ClCompile>
    <ClCompile Include="FileTest.cpp">
      <Filter>Source Files</Filter>
    </ClCompile>
    <ClCompile Include="FileOperTest.cpp">
      <Filter>Source Files</Filter>
    </ClCompile>
    <ClCompile Include="DirectoryOperTest.cpp">
      <Filter>Source Files</Filter>
    </ClCompile>
    <ClCompile Include="StringOper.h">
      <Filter>Header Files</Filter>
    </ClCompile>
    <ClCompile Include="PathOperTest.cpp">
      <Filter>Source Files</Filter>
    </ClCompile>
    <ClCompile Include="ConcurrentQueueTest.cpp">
      <Filter>Source Files</Filter>
    </ClCompile>
    <ClCompile Include="ThreadingTest.cpp">
      <Filter>Source Files</Filter>
    </ClCompile>
    <ClCompile Include="ConcurrentTest.cpp">
      <Filter>Source Files</Filter>
    </ClCompile>
    <ClCompile Include="AsyncQueueThreadsTest.cpp">
      <Filter>Source Files</Filter>
    </ClCompile>
    <ClCompile Include="LambdaTest.cpp">
      <Filter>Source Files</Filter>
    </ClCompile>
    <ClCompile Include="UniquePtrTest.cpp">
      <Filter>Source Files</Filter>
    </ClCompile>
    <ClCompile Include="TypeCastingTest.cpp">
      <Filter>Source Files</Filter>
    </ClCompile>
    <ClCompile Include="MoveTest.cpp">
      <Filter>Source Files</Filter>
    </ClCompile>
    <ClCompile Include="cpplinqTest.cpp">
      <Filter>Source Files</Filter>
    </ClCompile>
  </ItemGroup>
  <ItemGroup>
    <ClInclude Include="FileOper.h">
      <Filter>Header Files</Filter>
    </ClInclude>
    <ClInclude Include="DirectoryOper.h">
      <Filter>Header Files</Filter>
    </ClInclude>
    <ClInclude Include="PathOper.h">
      <Filter>Header Files</Filter>
    </ClInclude>
    <ClInclude Include="VectorOper.h">
      <Filter>Header Files</Filter>
    </ClInclude>
    <ClInclude Include="ConcurrentQueue.h">
      <Filter>Header Files</Filter>
    </ClInclude>
    <ClInclude Include="Concurrent.h">
      <Filter>Header Files</Filter>
    </ClInclude>
    <ClInclude Include="AsyncQueueThreads.h">
      <Filter>Header Files</Filter>
    </ClInclude>
    <ClInclude Include="UniquePtrTest.h">
      <Filter>Header Files</Filter>
    </ClInclude>
    <ClInclude Include="TypeCastingTest.h">
      <Filter>Header Files</Filter>
    </ClInclude>
    <ClInclude Include="MoveTest.h">
      <Filter>Header Files</Filter>
    </ClInclude>
    <ClInclude Include="cpplinq.hpp">
      <Filter>Header Files</Filter>
    </ClInclude>
  </ItemGroup>
</Project>